{
  "version": 4,
  "terraform_version": "1.9.3",
  "serial": 2118,
  "lineage": "ffb11516-c724-96c2-6eb8-4214c71081d0",
  "outputs": {},
  "resources": [
    {
      "module": "module.us-east-1",
      "mode": "data",
      "type": "aws_iam_role",
      "name": "lab_role",
      "provider": "provider[\"registry.terraform.io/hashicorp/aws\"].us-east-1",
      "instances": [
        {
          "schema_version": 0,
          "attributes": {
            "arn": "arn:aws:iam::717556240325:role/LabRole",
            "assume_role_policy": "{\"Version\":\"2012-10-17\",\"Statement\":[{\"Effect\":\"Allow\",\"Principal\":{\"Service\":\"lambda.amazonaws.com\"},\"Action\":\"sts:AssumeRole\"}]}",
            "create_date": "2023-09-13T12:25:03Z",
            "description": "Allows Lambda functions to call AWS services on your behalf.",
            "id": "LabRole",
            "max_session_duration": 3600,
            "name": "LabRole",
            "path": "/",
            "permissions_boundary": "",
            "role_last_used": [
              {
                "last_used_date": "2024-10-17T08:14:32Z",
                "region": "us-east-1"
              }
            ],
            "tags": {},
            "unique_id": "AROA2OENPJ7CXZ3RAE762"
          },
          "sensitive_attributes": []
        }
      ]
    },
    {
      "module": "module.us-east-1",
      "mode": "managed",
      "type": "aws_lambda_function",
      "name": "lambda_functions",
      "provider": "provider[\"registry.terraform.io/hashicorp/aws\"].us-east-1",
      "instances": [
        {
          "index_key": "TestFunction",
          "schema_version": 0,
          "attributes": {
            "architectures": [
              "x86_64"
            ],
            "arn": "arn:aws:lambda:us-east-1:717556240325:function:TestFunction",
            "code_signing_config_arn": "",
            "dead_letter_config": [],
            "description": "",
            "environment": [],
            "ephemeral_storage": [
              {
                "size": 512
              }
            ],
            "file_system_config": [],
            "filename": null,
            "function_name": "TestFunction",
            "handler": "main.lambda_handler",
            "id": "TestFunction",
            "image_config": [],
            "image_uri": "",
            "invoke_arn": "arn:aws:apigateway:us-east-1:lambda:path/2015-03-31/functions/arn:aws:lambda:us-east-1:717556240325:function:TestFunction/invocations",
            "kms_key_arn": "",
            "last_modified": "2024-10-17T09:09:22.000+0000",
            "layers": [],
            "memory_size": 512,
            "package_type": "Zip",
            "publish": false,
            "qualified_arn": "arn:aws:lambda:us-east-1:717556240325:function:TestFunction:$LATEST",
            "qualified_invoke_arn": "arn:aws:apigateway:us-east-1:lambda:path/2015-03-31/functions/arn:aws:lambda:us-east-1:717556240325:function:TestFunction:$LATEST/invocations",
            "replace_security_groups_on_destroy": null,
            "replacement_security_group_ids": null,
            "reserved_concurrent_executions": -1,
            "role": "arn:aws:iam::717556240325:role/LabRole",
            "runtime": "python3.10",
            "s3_bucket": "deployment-packages-us-east-1-5bc92254971bc361",
            "s3_key": "TestFunction.zip",
            "s3_object_version": null,
            "signing_job_arn": "",
            "signing_profile_version_arn": "",
            "skip_destroy": false,
            "snap_start": [],
            "source_code_hash": "ARuYFF38BUHMsnRHZrlp/tFHq7J8xi1q3QoI+J9RTbI=",
            "source_code_size": 709,
            "tags": {},
            "tags_all": {},
            "timeout": 500,
            "timeouts": null,
            "tracing_config": [
              {
                "mode": "PassThrough"
              }
            ],
            "version": "$LATEST",
            "vpc_config": []
          },
          "sensitive_attributes": [],
          "private": "eyJlMmJmYjczMC1lY2FhLTExZTYtOGY4OC0zNDM2M2JjN2M0YzAiOnsiY3JlYXRlIjo2MDAwMDAwMDAwMDAsImRlbGV0ZSI6NjAwMDAwMDAwMDAwLCJ1cGRhdGUiOjYwMDAwMDAwMDAwMH19",
          "dependencies": [
            "module.us-east-1.aws_s3_bucket.deployment_bucket",
            "module.us-east-1.aws_s3_object.deployment_packages",
            "module.us-east-1.data.aws_iam_role.lab_role",
            "module.us-east-1.random_id.region"
          ]
        }
      ]
    },
    {
      "module": "module.us-east-1",
      "mode": "managed",
      "type": "aws_s3_bucket",
      "name": "deployment_bucket",
      "provider": "provider[\"registry.terraform.io/hashicorp/aws\"].us-east-1",
      "instances": [
        {
          "schema_version": 0,
          "attributes": {
            "acceleration_status": "",
            "acl": null,
            "arn": "arn:aws:s3:::deployment-packages-us-east-1-5bc92254971bc361",
            "bucket": "deployment-packages-us-east-1-5bc92254971bc361",
            "bucket_domain_name": "deployment-packages-us-east-1-5bc92254971bc361.s3.amazonaws.com",
            "bucket_prefix": "",
            "bucket_regional_domain_name": "deployment-packages-us-east-1-5bc92254971bc361.s3.amazonaws.com",
            "cors_rule": [],
            "force_destroy": true,
            "grant": [
              {
                "id": "ab4d51fc0bec915be4a641733fab74eeebb2f3aef971d8cd6e20b5a949959fb6",
                "permissions": [
                  "FULL_CONTROL"
                ],
                "type": "CanonicalUser",
                "uri": ""
              }
            ],
            "hosted_zone_id": "Z3AQBSTGFYJSTF",
            "id": "deployment-packages-us-east-1-5bc92254971bc361",
            "lifecycle_rule": [],
            "logging": [],
            "object_lock_configuration": [],
            "object_lock_enabled": false,
            "policy": "",
            "region": "us-east-1",
            "replication_configuration": [],
            "request_payer": "BucketOwner",
            "server_side_encryption_configuration": [
              {
                "rule": [
                  {
                    "apply_server_side_encryption_by_default": [
                      {
                        "kms_master_key_id": "",
                        "sse_algorithm": "AES256"
                      }
                    ],
                    "bucket_key_enabled": false
                  }
                ]
              }
            ],
            "tags": {},
            "tags_all": {},
            "timeouts": null,
            "versioning": [
              {
                "enabled": false,
                "mfa_delete": false
              }
            ],
            "website": [],
            "website_domain": null,
            "website_endpoint": null
          },
          "sensitive_attributes": [],
          "private": "eyJlMmJmYjczMC1lY2FhLTExZTYtOGY4OC0zNDM2M2JjN2M0YzAiOnsiY3JlYXRlIjoxMjAwMDAwMDAwMDAwLCJkZWxldGUiOjM2MDAwMDAwMDAwMDAsInJlYWQiOjEyMDAwMDAwMDAwMDAsInVwZGF0ZSI6MTIwMDAwMDAwMDAwMH19",
          "dependencies": [
            "module.us-east-1.random_id.region"
          ]
        }
      ]
    },
    {
      "module": "module.us-east-1",
      "mode": "managed",
      "type": "aws_s3_object",
      "name": "deployment_packages",
      "provider": "provider[\"registry.terraform.io/hashicorp/aws\"].us-east-1",
      "instances": [
        {
          "index_key": "TestFunction",
          "schema_version": 0,
          "attributes": {
            "acl": "private",
            "bucket": "deployment-packages-us-east-1-5bc92254971bc361",
            "bucket_key_enabled": false,
            "cache_control": "",
            "content": null,
            "content_base64": null,
            "content_disposition": "",
            "content_encoding": "",
            "content_language": "",
            "content_type": "binary/octet-stream",
            "etag": "17725d7a5b2702d5874c56ae841bb014",
            "force_destroy": false,
            "id": "TestFunction.zip",
            "key": "TestFunction.zip",
            "kms_key_id": null,
            "metadata": {},
            "object_lock_legal_hold_status": "",
            "object_lock_mode": "",
            "object_lock_retain_until_date": "",
            "server_side_encryption": "AES256",
            "source": "C:/Users/MarcoCotrotzo/IdeaProjects/benchmarkingFaasWithAfclEngine/my_lambda_function.zip",
            "source_hash": null,
            "storage_class": "STANDARD",
            "tags": {},
            "tags_all": {},
            "version_id": "",
            "website_redirect": ""
          },
          "sensitive_attributes": [],
          "private": "bnVsbA==",
          "dependencies": [
            "module.us-east-1.aws_s3_bucket.deployment_bucket",
            "module.us-east-1.random_id.region"
          ]
        }
      ]
    },
    {
      "module": "module.us-east-1",
      "mode": "managed",
      "type": "random_id",
      "name": "region",
      "provider": "provider[\"registry.terraform.io/hashicorp/random\"]",
      "instances": [
        {
          "schema_version": 0,
          "attributes": {
            "b64_std": "W8kiVJcbw2E=",
            "b64_url": "W8kiVJcbw2E",
            "byte_length": 8,
            "dec": "6613855274478060385",
            "hex": "5bc92254971bc361",
            "id": "W8kiVJcbw2E",
            "keepers": null,
            "prefix": null
          },
          "sensitive_attributes": []
        }
      ]
    },
    {
      "module": "module.us-east-1.module.workflow[\"TestFunction\"]",
      "mode": "managed",
      "type": "local_file",
      "name": "workflow_yaml",
      "provider": "provider[\"registry.terraform.io/hashicorp/local\"]",
      "instances": [
        {
          "schema_version": 0,
          "attributes": {
            "content": "name: \"TestFunctionExperiment\"\r\ndataIns:\r\n\r\n\r\n- name: \"provider\"\r\n  type : \"string\"\r\n  source: \"provider\"\r\n- name: \"region\"\r\n  type: \"string\"\r\n  source: \"region\"\r\n- name: \"concurrency\"\r\n  type: \"number\"\r\n  source: \"concurrency\"\r\n- name: \"execution\"\r\n  type: \"number\"\r\n  source: \"execution\"\r\n\r\n- name: \"language\"\n  type: \"string\"\n  source: \"language\"\n- name: \"inputFileCharacters\"\n  type: \"number\"\n  source: \"inputFileCharacters\"\n- name: \"inputFileSize\"\n  type: \"number\"\n  source: \"inputFileSize\"\r\n\r\nworkflowBody:\r\n- parallelFor:\r\n    name: \"ParallelFor\"\r\n    dataIns:\r\n    - name: \"region\"\r\n      type: \"string\"\r\n      source: \"TestFunctionExperiment/region\"\r\n      constraints:\r\n      - name: \"distribution\"\r\n        value: \"REPLICATE(*)\"\r\n    - name: \"provider\"\r\n      type: \"string\"\r\n      source: \"TestFunctionExperiment/provider\"\r\n      constraints:\r\n      - name: \"distribution\"\r\n        value: \"REPLICATE(*)\"\r\n    - name: \"execution\"\r\n      type: \"number\"\r\n      source: \"TestFunctionExperiment/execution\"\r\n      constraints:\r\n        - name: \"distribution\"\r\n          value: \"REPLICATE(*)\"\r\n\r\n\r\n    - name: \"language\"\n      type: \"string\"\n      source: \"TestFunctionExperiment/language\"\n      constraints:\n      - name: \"distribution\"\n        value: \"REPLICATE(*)\"\n    - name: \"inputFileCharacters\"\n      type: \"number\"\n      source: \"TestFunctionExperiment/inputFileCharacters\"\n      constraints:\n      - name: \"distribution\"\n        value: \"REPLICATE(*)\"\n    - name: \"inputFileSize\"\n      type: \"number\"\n      source: \"TestFunctionExperiment/inputFileSize\"\n      constraints:\n      - name: \"distribution\"\n        value: \"REPLICATE(*)\"\r\n    loopCounter:\r\n      type: \"number\"\r\n      from: \"0\"\r\n      to: \"TestFunctionExperiment/concurrency\"\r\n      step: \"1\"\r\n    loopBody:\r\n    - function:\r\n        name: \"TestFunction\"\r\n        type: \"TestFunctionType\"\r\n        dataIns:\r\n        - name: \"provider\"\r\n          type: \"string\"\r\n          source: \"ParallelFor/provider\"\r\n        - name: \"region\"\r\n          type: \"string\"\r\n          source: \"ParallelFor/region\"\r\n        - name: \"execution\"\r\n          type: \"number\"\r\n          source: \"ParallelFor/execution\"\r\n\r\n\r\n        - name: \"language\"\n          type: \"string\"\n          source: \"ParallelFor/language\"\n\n        - name: \"inputFileCharacters\"\n          type: \"number\"\n          source: \"ParallelFor/inputFileCharacters\"\n\n        - name: \"inputFileSize\"\n          type: \"number\"\n          source: \"ParallelFor/inputFileSize\"\n\r\n        dataOuts:\r\n          - name: \"succeed\"\n            type: \"bool\"\n\r\n        properties:\r\n          - name: \"resource\"\r\n            value: \"arn:aws:lambda:us-east-1:717556240325:function:TestFunction\"\r\n    dataOuts:\r\n      - name: \"region\"\r\n        type: \"collection\"\r\n        source: \"TestFunction/region\"\r\n      - name: \"provider\"\r\n        type: \"collection\"\r\n        source: \"TestFunction/provider\"\r\n      - name: \"execution\"\r\n        type: \"collection\"\r\n        source: \"TestFunction/execution\"\r\n      - name: \"succeed\"\n        type: \"collection\"\n        source: \"TestFunction/succeed\"\r\n",
            "content_base64": null,
            "content_base64sha256": "W9UnygDywN4R9AWrJKSDykzJtQGOFqZCI5mq69ogCaQ=",
            "content_base64sha512": "jLIUfkuL345G2v5SCrstRl7lrCpwayeFCsreN5eVImoIuUP0LcQfD68c1e2DsDA2tUDcY4DoOYPoCblHoaSlug==",
            "content_md5": "8230ab318ecbd0e4945b67dc47895ed3",
            "content_sha1": "f349e7bbca0f39f48bf6d155025a32e80bf9e5b5",
            "content_sha256": "5bd527ca00f2c0de11f405ab24a483ca4cc9b5018e16a6422399aaebda2009a4",
            "content_sha512": "8cb2147e4b8bdf8e46dafe520abb2d465ee5ac2a706b27850acade379795226a08b943f42dc41f0faf1cd5ed83b03036b540dc6380e83983e809b947a1a4a5ba",
            "directory_permission": "0777",
            "file_permission": "0777",
            "filename": "modules/workflow_module/../../src/invoker/workflowData/AWS_us-east-1_TestFunction.yaml",
            "id": "f349e7bbca0f39f48bf6d155025a32e80bf9e5b5",
            "sensitive_content": null,
            "source": null
          },
          "sensitive_attributes": [
            [
              {
                "type": "get_attr",
                "value": "sensitive_content"
              }
            ]
          ],
          "dependencies": [
            "module.us-east-1.aws_lambda_function.lambda_functions",
            "module.us-east-1.aws_s3_bucket.deployment_bucket",
            "module.us-east-1.aws_s3_bucket.input_file_test_bucket",
            "module.us-east-1.aws_s3_object.deployment_packages",
            "module.us-east-1.data.aws_iam_role.lab_role",
            "module.us-east-1.random_id.region"
          ]
        }
      ]
    },
    {
      "module": "module.us-east-1.module.workflow[\"TestFunction\"].module.input",
      "mode": "managed",
      "type": "local_file",
      "name": "inputFile",
      "provider": "provider[\"registry.terraform.io/hashicorp/local\"]",
      "instances": [
        {
          "schema_version": 0,
          "attributes": {
            "content": "{\"concurrency\":1,\"inputFileCharacters\":\"3000\",\"inputFileSize\":\"3000\",\"language\":\"\\\"en-US\\\"\",\"outputBucket\":\"false\",\"provider\":\"\\\"AWS\\\"\",\"region\":\"\\\"us-east-1\\\"\",\"repetition\":1}",
            "content_base64": null,
            "content_base64sha256": "8UObZM1UUild3D+N55UKjvGnUi+1oy1HC1XDVJIBKkU=",
            "content_base64sha512": "9YOnv3nRw0sjnIEjZboj9wNzF0MUNq1byMj9yVuztT4c/q9Ejplh77xbHxOw3y2WiMa0lfub9oCM7oBdLZfugw==",
            "content_md5": "9e74e0082659ac0adb408fa19f58d8a0",
            "content_sha1": "302043e1f4be374e091cf98b19e571cd066dcf81",
            "content_sha256": "f1439b64cd5452295ddc3f8de7950a8ef1a7522fb5a32d470b55c35492012a45",
            "content_sha512": "f583a7bf79d1c34b239c812365ba23f7037317431436ad5bc8c8fdc95bb3b53e1cfeaf448e9961efbc5b1f13b0df2d9688c6b495fb9bf6808cee805d2d97ee83",
            "directory_permission": "0777",
            "file_permission": "0777",
            "filename": "modules/workflow_module/../../src/invoker/workflowData/AWS_us-east-1_TestFunction.json",
            "id": "302043e1f4be374e091cf98b19e571cd066dcf81",
            "sensitive_content": null,
            "source": null
          },
          "sensitive_attributes": [
            [
              {
                "type": "get_attr",
                "value": "sensitive_content"
              }
            ]
          ],
          "dependencies": [
            "module.us-east-1.aws_s3_bucket.input_file_test_bucket"
          ]
        }
      ]
    },
    {
      "module": "module.us-west-2",
      "mode": "data",
      "type": "aws_iam_role",
      "name": "lab_role",
      "provider": "provider[\"registry.terraform.io/hashicorp/aws\"].us-west-2",
      "instances": [
        {
          "schema_version": 0,
          "attributes": {
            "arn": "arn:aws:iam::717556240325:role/LabRole",
            "assume_role_policy": "{\"Version\":\"2012-10-17\",\"Statement\":[{\"Effect\":\"Allow\",\"Principal\":{\"Service\":\"lambda.amazonaws.com\"},\"Action\":\"sts:AssumeRole\"}]}",
            "create_date": "2023-09-13T12:25:03Z",
            "description": "Allows Lambda functions to call AWS services on your behalf.",
            "id": "LabRole",
            "max_session_duration": 3600,
            "name": "LabRole",
            "path": "/",
            "permissions_boundary": "",
            "role_last_used": [
              {
                "last_used_date": "2024-10-17T08:14:32Z",
                "region": "us-east-1"
              }
            ],
            "tags": {},
            "unique_id": "AROA2OENPJ7CXZ3RAE762"
          },
          "sensitive_attributes": []
        }
      ]
    },
    {
      "module": "module.us-west-2",
      "mode": "managed",
      "type": "aws_lambda_function",
      "name": "lambda_functions",
      "provider": "provider[\"registry.terraform.io/hashicorp/aws\"].us-west-2",
      "instances": [
        {
          "index_key": "TestFunction",
          "schema_version": 0,
          "attributes": {
            "architectures": [
              "x86_64"
            ],
            "arn": "arn:aws:lambda:us-west-2:717556240325:function:TestFunction",
            "code_signing_config_arn": "",
            "dead_letter_config": [],
            "description": "",
            "environment": [],
            "ephemeral_storage": [
              {
                "size": 512
              }
            ],
            "file_system_config": [],
            "filename": null,
            "function_name": "TestFunction",
            "handler": "main.lambda_handler",
            "id": "TestFunction",
            "image_config": [],
            "image_uri": "",
            "invoke_arn": "arn:aws:apigateway:us-west-2:lambda:path/2015-03-31/functions/arn:aws:lambda:us-west-2:717556240325:function:TestFunction/invocations",
            "kms_key_arn": "",
            "last_modified": "2024-10-17T09:09:24.000+0000",
            "layers": [],
            "memory_size": 512,
            "package_type": "Zip",
            "publish": false,
            "qualified_arn": "arn:aws:lambda:us-west-2:717556240325:function:TestFunction:$LATEST",
            "qualified_invoke_arn": "arn:aws:apigateway:us-west-2:lambda:path/2015-03-31/functions/arn:aws:lambda:us-west-2:717556240325:function:TestFunction:$LATEST/invocations",
            "replace_security_groups_on_destroy": null,
            "replacement_security_group_ids": null,
            "reserved_concurrent_executions": -1,
            "role": "arn:aws:iam::717556240325:role/LabRole",
            "runtime": "python3.10",
            "s3_bucket": "deployment-packages-us-west-2-bee754ba95c15907",
            "s3_key": "TestFunction.zip",
            "s3_object_version": null,
            "signing_job_arn": "",
            "signing_profile_version_arn": "",
            "skip_destroy": false,
            "snap_start": [],
            "source_code_hash": "ARuYFF38BUHMsnRHZrlp/tFHq7J8xi1q3QoI+J9RTbI=",
            "source_code_size": 709,
            "tags": {},
            "tags_all": {},
            "timeout": 500,
            "timeouts": null,
            "tracing_config": [
              {
                "mode": "PassThrough"
              }
            ],
            "version": "$LATEST",
            "vpc_config": []
          },
          "sensitive_attributes": [],
          "private": "eyJlMmJmYjczMC1lY2FhLTExZTYtOGY4OC0zNDM2M2JjN2M0YzAiOnsiY3JlYXRlIjo2MDAwMDAwMDAwMDAsImRlbGV0ZSI6NjAwMDAwMDAwMDAwLCJ1cGRhdGUiOjYwMDAwMDAwMDAwMH19",
          "dependencies": [
            "module.us-west-2.aws_s3_bucket.deployment_bucket",
            "module.us-west-2.aws_s3_object.deployment_packages",
            "module.us-west-2.data.aws_iam_role.lab_role",
            "module.us-west-2.random_id.region"
          ]
        }
      ]
    },
    {
      "module": "module.us-west-2",
      "mode": "managed",
      "type": "aws_s3_bucket",
      "name": "deployment_bucket",
      "provider": "provider[\"registry.terraform.io/hashicorp/aws\"].us-west-2",
      "instances": [
        {
          "schema_version": 0,
          "attributes": {
            "acceleration_status": "",
            "acl": null,
            "arn": "arn:aws:s3:::deployment-packages-us-west-2-bee754ba95c15907",
            "bucket": "deployment-packages-us-west-2-bee754ba95c15907",
            "bucket_domain_name": "deployment-packages-us-west-2-bee754ba95c15907.s3.amazonaws.com",
            "bucket_prefix": "",
            "bucket_regional_domain_name": "deployment-packages-us-west-2-bee754ba95c15907.s3.us-west-2.amazonaws.com",
            "cors_rule": [],
            "force_destroy": true,
            "grant": [
              {
                "id": "ab4d51fc0bec915be4a641733fab74eeebb2f3aef971d8cd6e20b5a949959fb6",
                "permissions": [
                  "FULL_CONTROL"
                ],
                "type": "CanonicalUser",
                "uri": ""
              }
            ],
            "hosted_zone_id": "Z3BJ6K6RIION7M",
            "id": "deployment-packages-us-west-2-bee754ba95c15907",
            "lifecycle_rule": [],
            "logging": [],
            "object_lock_configuration": [],
            "object_lock_enabled": false,
            "policy": "",
            "region": "us-west-2",
            "replication_configuration": [],
            "request_payer": "BucketOwner",
            "server_side_encryption_configuration": [
              {
                "rule": [
                  {
                    "apply_server_side_encryption_by_default": [
                      {
                        "kms_master_key_id": "",
                        "sse_algorithm": "AES256"
                      }
                    ],
                    "bucket_key_enabled": false
                  }
                ]
              }
            ],
            "tags": {},
            "tags_all": {},
            "timeouts": null,
            "versioning": [
              {
                "enabled": false,
                "mfa_delete": false
              }
            ],
            "website": [],
            "website_domain": null,
            "website_endpoint": null
          },
          "sensitive_attributes": [],
          "private": "eyJlMmJmYjczMC1lY2FhLTExZTYtOGY4OC0zNDM2M2JjN2M0YzAiOnsiY3JlYXRlIjoxMjAwMDAwMDAwMDAwLCJkZWxldGUiOjM2MDAwMDAwMDAwMDAsInJlYWQiOjEyMDAwMDAwMDAwMDAsInVwZGF0ZSI6MTIwMDAwMDAwMDAwMH19",
          "dependencies": [
            "module.us-west-2.random_id.region"
          ]
        }
      ]
    },
    {
      "module": "module.us-west-2",
      "mode": "managed",
      "type": "aws_s3_object",
      "name": "deployment_packages",
      "provider": "provider[\"registry.terraform.io/hashicorp/aws\"].us-west-2",
      "instances": [
        {
          "index_key": "TestFunction",
          "schema_version": 0,
          "attributes": {
            "acl": "private",
            "bucket": "deployment-packages-us-west-2-bee754ba95c15907",
            "bucket_key_enabled": false,
            "cache_control": "",
            "content": null,
            "content_base64": null,
            "content_disposition": "",
            "content_encoding": "",
            "content_language": "",
            "content_type": "binary/octet-stream",
            "etag": "17725d7a5b2702d5874c56ae841bb014",
            "force_destroy": false,
            "id": "TestFunction.zip",
            "key": "TestFunction.zip",
            "kms_key_id": null,
            "metadata": {},
            "object_lock_legal_hold_status": "",
            "object_lock_mode": "",
            "object_lock_retain_until_date": "",
            "server_side_encryption": "AES256",
            "source": "C:/Users/MarcoCotrotzo/IdeaProjects/benchmarkingFaasWithAfclEngine/my_lambda_function.zip",
            "source_hash": null,
            "storage_class": "STANDARD",
            "tags": {},
            "tags_all": {},
            "version_id": "",
            "website_redirect": ""
          },
          "sensitive_attributes": [],
          "private": "bnVsbA==",
          "dependencies": [
            "module.us-west-2.aws_s3_bucket.deployment_bucket",
            "module.us-west-2.random_id.region"
          ]
        }
      ]
    },
    {
      "module": "module.us-west-2",
      "mode": "managed",
      "type": "random_id",
      "name": "region",
      "provider": "provider[\"registry.terraform.io/hashicorp/random\"]",
      "instances": [
        {
          "schema_version": 0,
          "attributes": {
            "b64_std": "vudUupXBWQc=",
            "b64_url": "vudUupXBWQc",
            "byte_length": 8,
            "dec": "13756056747179596039",
            "hex": "bee754ba95c15907",
            "id": "vudUupXBWQc",
            "keepers": null,
            "prefix": null
          },
          "sensitive_attributes": []
        }
      ]
    },
    {
      "module": "module.us-west-2.module.workflow[\"TestFunction\"]",
      "mode": "managed",
      "type": "local_file",
      "name": "workflow_yaml",
      "provider": "provider[\"registry.terraform.io/hashicorp/local\"]",
      "instances": [
        {
          "schema_version": 0,
          "attributes": {
            "content": "name: \"TestFunctionExperiment\"\r\ndataIns:\r\n\r\n\r\n- name: \"provider\"\r\n  type : \"string\"\r\n  source: \"provider\"\r\n- name: \"region\"\r\n  type: \"string\"\r\n  source: \"region\"\r\n- name: \"concurrency\"\r\n  type: \"number\"\r\n  source: \"concurrency\"\r\n- name: \"execution\"\r\n  type: \"number\"\r\n  source: \"execution\"\r\n\r\n- name: \"language\"\n  type: \"string\"\n  source: \"language\"\n- name: \"inputFileCharacters\"\n  type: \"number\"\n  source: \"inputFileCharacters\"\n- name: \"inputFileSize\"\n  type: \"number\"\n  source: \"inputFileSize\"\r\n\r\nworkflowBody:\r\n- parallelFor:\r\n    name: \"ParallelFor\"\r\n    dataIns:\r\n    - name: \"region\"\r\n      type: \"string\"\r\n      source: \"TestFunctionExperiment/region\"\r\n      constraints:\r\n      - name: \"distribution\"\r\n        value: \"REPLICATE(*)\"\r\n    - name: \"provider\"\r\n      type: \"string\"\r\n      source: \"TestFunctionExperiment/provider\"\r\n      constraints:\r\n      - name: \"distribution\"\r\n        value: \"REPLICATE(*)\"\r\n    - name: \"execution\"\r\n      type: \"number\"\r\n      source: \"TestFunctionExperiment/execution\"\r\n      constraints:\r\n        - name: \"distribution\"\r\n          value: \"REPLICATE(*)\"\r\n\r\n\r\n    - name: \"language\"\n      type: \"string\"\n      source: \"TestFunctionExperiment/language\"\n      constraints:\n      - name: \"distribution\"\n        value: \"REPLICATE(*)\"\n    - name: \"inputFileCharacters\"\n      type: \"number\"\n      source: \"TestFunctionExperiment/inputFileCharacters\"\n      constraints:\n      - name: \"distribution\"\n        value: \"REPLICATE(*)\"\n    - name: \"inputFileSize\"\n      type: \"number\"\n      source: \"TestFunctionExperiment/inputFileSize\"\n      constraints:\n      - name: \"distribution\"\n        value: \"REPLICATE(*)\"\r\n    loopCounter:\r\n      type: \"number\"\r\n      from: \"0\"\r\n      to: \"TestFunctionExperiment/concurrency\"\r\n      step: \"1\"\r\n    loopBody:\r\n    - function:\r\n        name: \"TestFunction\"\r\n        type: \"TestFunctionType\"\r\n        dataIns:\r\n        - name: \"provider\"\r\n          type: \"string\"\r\n          source: \"ParallelFor/provider\"\r\n        - name: \"region\"\r\n          type: \"string\"\r\n          source: \"ParallelFor/region\"\r\n        - name: \"execution\"\r\n          type: \"number\"\r\n          source: \"ParallelFor/execution\"\r\n\r\n\r\n        - name: \"language\"\n          type: \"string\"\n          source: \"ParallelFor/language\"\n\n        - name: \"inputFileCharacters\"\n          type: \"number\"\n          source: \"ParallelFor/inputFileCharacters\"\n\n        - name: \"inputFileSize\"\n          type: \"number\"\n          source: \"ParallelFor/inputFileSize\"\n\r\n        dataOuts:\r\n          - name: \"succeed\"\n            type: \"bool\"\n\r\n        properties:\r\n          - name: \"resource\"\r\n            value: \"arn:aws:lambda:us-west-2:717556240325:function:TestFunction\"\r\n    dataOuts:\r\n      - name: \"region\"\r\n        type: \"collection\"\r\n        source: \"TestFunction/region\"\r\n      - name: \"provider\"\r\n        type: \"collection\"\r\n        source: \"TestFunction/provider\"\r\n      - name: \"execution\"\r\n        type: \"collection\"\r\n        source: \"TestFunction/execution\"\r\n      - name: \"succeed\"\n        type: \"collection\"\n        source: \"TestFunction/succeed\"\r\n",
            "content_base64": null,
            "content_base64sha256": "GqKjjo+Fqiw+xuxfZo29catisl2pqRFofweAau9WBlg=",
            "content_base64sha512": "8nG/1azNkQ6XyeBZFmdcXgYFLVsp68l/RH0rsPS6vp0Wk1ERyAW2e1wr1aULsAzghgbzjMTPAUYNWEpCuUVsBg==",
            "content_md5": "5886262fdc28f178e546b70a81d69984",
            "content_sha1": "7f2054f59dbf9435ebae4853b46e072e39d50062",
            "content_sha256": "1aa2a38e8f85aa2c3ec6ec5f668dbd71ab62b25da9a911687f07806aef560658",
            "content_sha512": "f271bfd5accd910e97c9e05916675c5e06052d5b29ebc97f447d2bb0f4babe9d16935111c805b67b5c2bd5a50bb00ce08606f38cc4cf01460d584a42b9456c06",
            "directory_permission": "0777",
            "file_permission": "0777",
            "filename": "modules/workflow_module/../../src/invoker/workflowData/AWS_us-west-2_TestFunction.yaml",
            "id": "7f2054f59dbf9435ebae4853b46e072e39d50062",
            "sensitive_content": null,
            "source": null
          },
          "sensitive_attributes": [
            [
              {
                "type": "get_attr",
                "value": "sensitive_content"
              }
            ]
          ],
          "dependencies": [
            "module.us-west-2.aws_lambda_function.lambda_functions",
            "module.us-west-2.aws_s3_bucket.deployment_bucket",
            "module.us-west-2.aws_s3_bucket.input_file_test_bucket",
            "module.us-west-2.aws_s3_object.deployment_packages",
            "module.us-west-2.data.aws_iam_role.lab_role",
            "module.us-west-2.random_id.region"
          ]
        }
      ]
    },
    {
      "module": "module.us-west-2.module.workflow[\"TestFunction\"].module.input",
      "mode": "managed",
      "type": "local_file",
      "name": "inputFile",
      "provider": "provider[\"registry.terraform.io/hashicorp/local\"]",
      "instances": [
        {
          "schema_version": 0,
          "attributes": {
            "content": "{\"concurrency\":1,\"inputFileCharacters\":\"3000\",\"inputFileSize\":\"3000\",\"language\":\"\\\"en-US\\\"\",\"outputBucket\":\"false\",\"provider\":\"\\\"AWS\\\"\",\"region\":\"\\\"us-west-2\\\"\",\"repetition\":4}",
            "content_base64": null,
            "content_base64sha256": "Ate4ziAXK28bKJaYWf/AXTKrajuGdpxPIi+9He/vZWQ=",
            "content_base64sha512": "KmtBwDR08x1S6qoQsrulq+jrg2mDY6MQrJKLZLWCSmX9S6tDGvjefHHH/7tpUBZKI5lzNaohx9Hwcdl8r9sMLA==",
            "content_md5": "1529b0c85c442025bc7e2509ca820ceb",
            "content_sha1": "2ccc31c89fa79a1c9996ccc73b24c5012da841df",
            "content_sha256": "02d7b8ce20172b6f1b28969859ffc05d32ab6a3b86769c4f222fbd1defef6564",
            "content_sha512": "2a6b41c03474f31d52eaaa10b2bba5abe8eb83698363a310ac928b64b5824a65fd4bab431af8de7c71c7ffbb6950164a23997335aa21c7d1f071d97cafdb0c2c",
            "directory_permission": "0777",
            "file_permission": "0777",
            "filename": "modules/workflow_module/../../src/invoker/workflowData/AWS_us-west-2_TestFunction.json",
            "id": "2ccc31c89fa79a1c9996ccc73b24c5012da841df",
            "sensitive_content": null,
            "source": null
          },
          "sensitive_attributes": [
            [
              {
                "type": "get_attr",
                "value": "sensitive_content"
              }
            ]
          ],
          "dependencies": [
            "module.us-west-2.aws_s3_bucket.input_file_test_bucket"
          ]
        }
      ]
    }
  ],
  "check_results": null
}
